
Microsoft Visual Studio Solution File, Format Version 12.00
# Visual Studio 15
VisualStudioVersion = 15.0.28307.757
MinimumVisualStudioVersion = 10.0.40219.1
Project("{8BC9CEB8-8B4A-11D0-8D11-00A0C91BC942}") = "stm32w", "stm32w\stm32w.vcxproj", "{0833239D-58B1-4E46-B777-678F06BB8653}"
EndProject
Global
	GlobalSection(SolutionConfigurationPlatforms) = preSolution
		Debug|VisualGDB = Debug|VisualGDB
		Release|VisualGDB = Release|VisualGDB
	EndGlobalSection
	GlobalSection(ProjectConfigurationPlatforms) = postSolution
		{0833239D-58B1-4E46-B777-678F06BB8653}.Debug|VisualGDB.ActiveCfg = Debug|VisualGDB
		{0833239D-58B1-4E46-B777-678F06BB8653}.Debug|VisualGDB.Build.0 = Debug|VisualGDB
		{0833239D-58B1-4E46-B777-678F06BB8653}.Release|VisualGDB.ActiveCfg = Release|VisualGDB
		{0833239D-58B1-4E46-B777-678F06BB8653}.Release|VisualGDB.Build.0 = Release|VisualGDB
	EndGlobalSection
	GlobalSection(SolutionProperties) = preSolution
		HideSolutionNode = FALSE
	EndGlobalSection
	GlobalSection(ExtensibilityGlobals) = postSolution
		SolutionGuid = {D4CE655D-63A6-48DB-809A-5275B562F578}
	EndGlobalSection
EndGlobal
